
Microsoft Visual Studio Solution File, Format Version 12.00
# Visual Studio Version 16
VisualStudioVersion = 16.0.29709.97
MinimumVisualStudioVersion = 10.0.40219.1
Project("{FAE04EC0-301F-11D3-BF4B-00C04F79EFBC}") = "MiBanco", "MiBanco\MiBanco.csproj", "{458191DE-4645-4D24-8CB6-BAE4D5561280}"
EndProject
Global
	GlobalSection(SolutionConfigurationPlatforms) = preSolution
		Debug|Any CPU = Debug|Any CPU
		Release|Any CPU = Release|Any CPU
	EndGlobalSection
	GlobalSection(ProjectConfigurationPlatforms) = postSolution
		{458191DE-4645-4D24-8CB6-BAE4D5561280}.Debug|Any CPU.ActiveCfg = Debug|Any CPU
		{458191DE-4645-4D24-8CB6-BAE4D5561280}.Debug|Any CPU.Build.0 = Debug|Any CPU
		{458191DE-4645-4D24-8CB6-BAE4D5561280}.Release|Any CPU.ActiveCfg = Release|Any CPU
		{458191DE-4645-4D24-8CB6-BAE4D5561280}.Release|Any CPU.Build.0 = Release|Any CPU
	EndGlobalSection
	GlobalSection(SolutionProperties) = preSolution
		HideSolutionNode = FALSE
	EndGlobalSection
	GlobalSection(ExtensibilityGlobals) = postSolution
		SolutionGuid = {580D1A6C-0D11-437E-80D6-B49424B41BF4}
	EndGlobalSection
EndGlobal
